
Microsoft Visual Studio Solution File, Format Version 12.00
# Visual Studio 15
VisualStudioVersion = 15.0.27428.2011
MinimumVisualStudioVersion = 10.0.40219.1
Project("{9A19103F-16F7-4668-BE54-9A1E7A4F7556}") = "Serilog.Enrichers.AspNetCore", "Serilog.Enrichers.AspNetCore\Serilog.Enrichers.AspNetCore.csproj", "{CCEE8E3B-FB30-415E-B991-7AA145550CD4}"
EndProject
Global
	GlobalSection(SolutionConfigurationPlatforms) = preSolution
		Debug|Any CPU = Debug|Any CPU
		Release|Any CPU = Release|Any CPU
	EndGlobalSection
	GlobalSection(ProjectConfigurationPlatforms) = postSolution
		{CCEE8E3B-FB30-415E-B991-7AA145550CD4}.Debug|Any CPU.ActiveCfg = Debug|Any CPU
		{CCEE8E3B-FB30-415E-B991-7AA145550CD4}.Debug|Any CPU.Build.0 = Debug|Any CPU
		{CCEE8E3B-FB30-415E-B991-7AA145550CD4}.Release|Any CPU.ActiveCfg = Release|Any CPU
		{CCEE8E3B-FB30-415E-B991-7AA145550CD4}.Release|Any CPU.Build.0 = Release|Any CPU
	EndGlobalSection
	GlobalSection(SolutionProperties) = preSolution
		HideSolutionNode = FALSE
	EndGlobalSection
	GlobalSection(ExtensibilityGlobals) = postSolution
		SolutionGuid = {CCAF491F-EBB6-4542-BBEB-8E1783FD02A3}
	EndGlobalSection
EndGlobal
